<?xml version="1.0" encoding="utf-8"?>
<Project ToolsVersion="4.0" xmlns="http://schemas.microsoft.com/developer/msbuild/2003">
  <ItemGroup>
    <Filter Include="Source Files">
      <UniqueIdentifier>{4FC737F1-C7A5-4376-A066-2A32D752A2FF}</UniqueIdentifier>
      <Extensions>cpp;c;cc;cxx;c++;cppm;ixx;def;odl;idl;hpj;bat;asm;asmx</Extensions>
    </Filter>
    <Filter Include="Header Files">
      <UniqueIdentifier>{93995380-89BD-4b04-88EB-625FBE52EBFB}</UniqueIdentifier>
      <Extensions>h;hh;hpp;hxx;h++;hm;inl;inc;ipp;xsd</Extensions>
    </Filter>
    <Filter Include="Resource Files">
      <UniqueIdentifier>{67DA6AB6-F800-4c08-8B7A-83BB121AAD01}</UniqueIdentifier>
      <Extensions>rc;ico;cur;bmp;dlg;rc2;rct;bin;rgs;gif;jpg;jpeg;jpe;resx;tiff;tif;png;wav;mfcribbon-ms</Extensions>
    </Filter>
  </ItemGroup>
  <ItemGroup>
    <ClCompile Include="main.cpp">
      <Filter>Source Files</Filter>
    </ClCompile>
    <ClCompile Include="Lib\Datatypes\PathPoint.cpp">
      <Filter>Source Files</Filter>
    </ClCompile>
    <ClCompile Include="Shaders\Shader.cpp">
      <Filter>Source Files</Filter>
    </ClCompile>
    <ClCompile Include="Lib\World\Input.cpp">
      <Filter>Source Files</Filter>
    </ClCompile>
    <ClCompile Include="Lib\World\World.cpp">
      <Filter>Source Files</Filter>
    </ClCompile>
    <ClCompile Include="Lib\World\Camera.cpp">
      <Filter>Source Files</Filter>
    </ClCompile>
    <ClCompile Include="Lib\Datatypes\Path.cpp">
      <Filter>Source Files</Filter>
    </ClCompile>
    <ClCompile Include="Lib\Util.cpp">
      <Filter>Source Files</Filter>
    </ClCompile>
    <ClCompile Include="Lib\Objects\Object.cpp">
      <Filter>Source Files</Filter>
    </ClCompile>
    <ClCompile Include="Lib\Math\Spline.cpp">
      <Filter>Source Files</Filter>
    </ClCompile>
    <ClCompile Include="Lib\Math\Squad.cpp">
      <Filter>Source Files</Filter>
    </ClCompile>
    <ClCompile Include="Lib\Datatypes\Material.cpp">
      <Filter>Source Files</Filter>
    </ClCompile>
    <ClCompile Include="Lib\World\Light.cpp">
      <Filter>Source Files</Filter>
    </ClCompile>
    <ClCompile Include="OpenGL\glad\glad.c">
      <Filter>Source Files</Filter>
    </ClCompile>
  </ItemGroup>
  <ItemGroup>
    <ClInclude Include="Lib\Consts.h">
      <Filter>Header Files</Filter>
    </ClInclude>
    <ClInclude Include="Lib\Objects\Cube.h">
      <Filter>Header Files</Filter>
    </ClInclude>
    <ClInclude Include="Lib\Objects\Object.h">
      <Filter>Header Files</Filter>
    </ClInclude>
    <ClInclude Include="Lib\Objects\Plane.h">
      <Filter>Header Files</Filter>
    </ClInclude>
    <ClInclude Include="Lib\Objects\TriangleThing.h">
      <Filter>Header Files</Filter>
    </ClInclude>
    <ClInclude Include="Lib\Datatypes\PathPoint.h">
      <Filter>Header Files</Filter>
    </ClInclude>
    <ClInclude Include="Shaders\Shader.h">
      <Filter>Header Files</Filter>
    </ClInclude>
    <ClInclude Include="Lib\World\Input.h">
      <Filter>Header Files</Filter>
    </ClInclude>
    <ClInclude Include="Lib\World\World.h">
      <Filter>Header Files</Filter>
    </ClInclude>
    <ClInclude Include="Lib\World\Camera.h">
      <Filter>Header Files</Filter>
    </ClInclude>
    <ClInclude Include="Lib\Datatypes\Path.h">
      <Filter>Header Files</Filter>
    </ClInclude>
    <ClInclude Include="Lib\Util.h">
      <Filter>Header Files</Filter>
    </ClInclude>
    <ClInclude Include="Lib\Math\Squad.h">
      <Filter>Header Files</Filter>
    </ClInclude>
    <ClInclude Include="Lib\Math\Spline.h">
      <Filter>Header Files</Filter>
    </ClInclude>
    <ClInclude Include="Lib\Datatypes\Material.h">
      <Filter>Header Files</Filter>
    </ClInclude>
    <ClInclude Include="Lib\World\Light.h">
      <Filter>Header Files</Filter>
    </ClInclude>
  </ItemGroup>
  <ItemGroup>
    <Image Include="art\textures\red.png">
      <Filter>Resource Files</Filter>
    </Image>
    <Image Include="art\textures\sky.jpg">
      <Filter>Resource Files</Filter>
    </Image>
    <Image Include="Art\Textures\brickwall_2_normal.jpg">
      <Filter>Resource Files</Filter>
    </Image>
    <Image Include="Art\Textures\brickwall_2.jpg">
      <Filter>Resource Files</Filter>
    </Image>
    <Image Include="art\textures\brickWall.jpg">
      <Filter>Resource Files</Filter>
    </Image>
    <Image Include="art\textures\unityGrid.jpg">
      <Filter>Resource Files</Filter>
    </Image>
    <Image Include="Art\Textures\white.jpg">
      <Filter>Resource Files</Filter>
    </Image>
    <Image Include="art\textures\woodenCrate.jpg">
      <Filter>Resource Files</Filter>
    </Image>
    <Image Include="Art\Textures\brickWall_normal.jpg">
      <Filter>Resource Files</Filter>
    </Image>
    <Image Include="Art\Textures\emptyNormalMap.jpg">
      <Filter>Resource Files</Filter>
    </Image>
    <Image Include="Art\Textures\bricks2.jpg">
      <Filter>Resource Files</Filter>
    </Image>
    <Image Include="Art\Textures\bricks2_normal.jpg">
      <Filter>Resource Files</Filter>
    </Image>
    <Image Include="Art\Textures\rocks.jpg">
      <Filter>Resource Files</Filter>
    </Image>
    <Image Include="Art\Textures\rocks_normal.jpg">
      <Filter>Resource Files</Filter>
    </Image>
    <Image Include="Art\Textures\wood.jpg">
      <Filter>Resource Files</Filter>
    </Image>
    <Image Include="Art\Textures\wood_normal.jpg">
      <Filter>Resource Files</Filter>
    </Image>
  </ItemGroup>
  <ItemGroup>
    <None Include="Shaders\depthMap.frag" />
    <None Include="Shaders\depthMap.vert" />
    <None Include="Shaders\shadowShader.frag" />
    <None Include="Shaders\shadowShader.vert" />
    <None Include="OpenGL\lib\glfw3.dll" />
  </ItemGroup>
  <ItemGroup>
    <Library Include="OpenGL\lib\glfw3.lib" />
    <Library Include="OpenGL\lib\glfw3dll.lib" />
    <Library Include="OpenGL\lib\libglfw3.a" />
    <Library Include="OpenGL\lib\libglfw3dll.a" />
  </ItemGroup>
</Project>